// !$*UTF8*$!
{
	archiveVersion = 1;
	classes = {
	};
	objectVersion = 46;
	objects = {

/* Begin PBXBuildFile section */
		1FB9FA6F1BFEDCD800C7B11F /* main.cpp in Sources */ = {isa = PBXBuildFile; fileRef = 1FB9FA6E1BFEDCD800C7B11F /* main.cpp */; };
		1FB9FA771C0510E200C7B11F /* RDigester.cpp in Sources */ = {isa = PBXBuildFile; fileRef = 1FB9FA751C0510E200C7B11F /* RDigester.cpp */; };
/* End PBXBuildFile section */

/* Begin PBXCopyFilesBuildPhase section */
		1FB9FA691BFEDCD700C7B11F /* CopyFiles */ = {
			isa = PBXCopyFilesBuildPhase;
			buildActionMask = 2147483647;
			dstPath = /usr/share/man/man1/;
			dstSubfolderSpec = 0;
			files = (
			);
			runOnlyForDeploymentPostprocessing = 1;
		};
/* End PBXCopyFilesBuildPhase section */

/* Begin PBXFileReference section */
		1FB9FA6B1BFEDCD800C7B11F /* rdigester */ = {isa = PBXFileReference; explicitFileType = "compiled.mach-o.executable"; includeInIndex = 0; path = rdigester; sourceTree = BUILT_PRODUCTS_DIR; };
		1FB9FA6E1BFEDCD800C7B11F /* main.cpp */ = {isa = PBXFileReference; lastKnownFileType = sourcecode.cpp.cpp; path = main.cpp; sourceTree = "<group>"; };
		1FB9FA751C0510E200C7B11F /* RDigester.cpp */ = {isa = PBXFileReference; fileEncoding = 4; lastKnownFileType = sourcecode.cpp.cpp; path = RDigester.cpp; sourceTree = "<group>"; };
		1FB9FA761C0510E200C7B11F /* RDigester.hpp */ = {isa = PBXFileReference; fileEncoding = 4; lastKnownFileType = sourcecode.cpp.h; path = RDigester.hpp; sourceTree = "<group>"; };
/* End PBXFileReference section */

/* Begin PBXFrameworksBuildPhase section */
		1FB9FA681BFEDCD700C7B11F /* Frameworks */ = {
			isa = PBXFrameworksBuildPhase;
			buildActionMask = 2147483647;
			files = (
			);
			runOnlyForDeploymentPostprocessing = 0;
		};
/* End PBXFrameworksBuildPhase section */

/* Begin PBXGroup section */
		1FB9FA621BFEDCD700C7B11F = {
			isa = PBXGroup;
			children = (
				1FB9FA6D1BFEDCD800C7B11F /* rdigester */,
				1FB9FA6C1BFEDCD800C7B11F /* Products */,
			);
			sourceTree = "<group>";
		};
		1FB9FA6C1BFEDCD800C7B11F /* Products */ = {
			isa = PBXGroup;
			children = (
				1FB9FA6B1BFEDCD800C7B11F /* rdigester */,
			);
			name = Products;
			sourceTree = "<group>";
		};
		1FB9FA6D1BFEDCD800C7B11F /* rdigester */ = {
			isa = PBXGroup;
			children = (
				1FB9FA6E1BFEDCD800C7B11F /* main.cpp */,
				1FB9FA751C0510E200C7B11F /* RDigester.cpp */,
				1FB9FA761C0510E200C7B11F /* RDigester.hpp */,
			);
			path = rdigester;
			sourceTree = "<group>";
		};
/* End PBXGroup section */

/* Begin PBXNativeTarget section */
		1FB9FA6A1BFEDCD700C7B11F /* rdigester */ = {
			isa = PBXNativeTarget;
			buildConfigurationList = 1FB9FA721BFEDCD800C7B11F /* Build configuration list for PBXNativeTarget "rdigester" */;
			buildPhases = (
				1FB9FA671BFEDCD700C7B11F /* Sources */,
				1FB9FA681BFEDCD700C7B11F /* Frameworks */,
				1FB9FA691BFEDCD700C7B11F /* CopyFiles */,
			);
			buildRules = (
			);
			dependencies = (
			);
			name = rdigester;
			productName = rdigester;
			productReference = 1FB9FA6B1BFEDCD800C7B11F /* rdigester */;
			productType = "com.apple.product-type.tool";
		};
/* End PBXNativeTarget section */

/* Begin PBXProject section */
		1FB9FA631BFEDCD700C7B11F /* Project object */ = {
			isa = PBXProject;
			attributes = {
				LastUpgradeCheck = 0710;
				ORGANIZATIONNAME = "TASER International";
				TargetAttributes = {
					1FB9FA6A1BFEDCD700C7B11F = {
						CreatedOnToolsVersion = 7.1.1;
					};
				};
			};
			buildConfigurationList = 1FB9FA661BFEDCD700C7B11F /* Build configuration list for PBXProject "rdigester" */;
			compatibilityVersion = "Xcode 3.2";
			developmentRegion = English;
			hasScannedForEncodings = 0;
			knownRegions = (
				en,
			);
			mainGroup = 1FB9FA621BFEDCD700C7B11F;
			productRefGroup = 1FB9FA6C1BFEDCD800C7B11F /* Products */;
			projectDirPath = "";
			projectRoot = "";
			targets = (
				1FB9FA6A1BFEDCD700C7B11F /* rdigester */,
			);
		};
/* End PBXProject section */

/* Begin PBXSourcesBuildPhase section */
		1FB9FA671BFEDCD700C7B11F /* Sources */ = {
			isa = PBXSourcesBuildPhase;
			buildActionMask = 2147483647;
			files = (
				1FB9FA6F1BFEDCD800C7B11F /* main.cpp in Sources */,
				1FB9FA771C0510E200C7B11F /* RDigester.cpp in Sources */,
			);
			runOnlyForDeploymentPostprocessing = 0;
		};
/* End PBXSourcesBuildPhase section */

/* Begin XCBuildConfiguration section */
		1FB9FA701BFEDCD800C7B11F /* Debug */ = {
			isa = XCBuildConfiguration;
			buildSettings = {
				ALWAYS_SEARCH_USER_PATHS = YES;
				CLANG_CXX_LANGUAGE_STANDARD = "gnu++0x";
				CLANG_CXX_LIBRARY = "libc++";
				CLANG_ENABLE_MODULES = YES;
				CLANG_ENABLE_OBJC_ARC = YES;
				CLANG_WARN_BOOL_CONVERSION = YES;
				CLANG_WARN_CONSTANT_CONVERSION = YES;
				CLANG_WARN_DIRECT_OBJC_ISA_USAGE = YES_ERROR;
				CLANG_WARN_EMPTY_BODY = YES;
				CLANG_WARN_ENUM_CONVERSION = YES;
				CLANG_WARN_INT_CONVERSION = YES;
				CLANG_WARN_OBJC_ROOT_CLASS = YES_ERROR;
				CLANG_WARN_UNREACHABLE_CODE = YES;
				CLANG_WARN__DUPLICATE_METHOD_MATCH = YES;
				CODE_SIGN_IDENTITY = "-";
				COPY_PHASE_STRIP = NO;
				DEBUG_INFORMATION_FORMAT = dwarf;
				ENABLE_STRICT_OBJC_MSGSEND = YES;
				ENABLE_TESTABILITY = YES;
				GCC_C_LANGUAGE_STANDARD = gnu99;
				GCC_DYNAMIC_NO_PIC = NO;
				GCC_NO_COMMON_BLOCKS = YES;
				GCC_OPTIMIZATION_LEVEL = 0;
				GCC_PREPROCESSOR_DEFINITIONS = (
					"DEBUG=1",
					"$(inherited)",
				);
				GCC_WARN_64_TO_32_BIT_CONVERSION = YES;
				GCC_WARN_ABOUT_RETURN_TYPE = YES_ERROR;
				GCC_WARN_UNDECLARED_SELECTOR = YES;
				GCC_WARN_UNINITIALIZED_AUTOS = YES_AGGRESSIVE;
				GCC_WARN_UNUSED_FUNCTION = YES;
				GCC_WARN_UNUSED_VARIABLE = YES;
				"LIBRARY_SEARCH_PATHS[arch=*]" = /usr/lib/;
				MACOSX_DEPLOYMENT_TARGET = 10.10;
				MTL_ENABLE_DEBUG_INFO = YES;
				ONLY_ACTIVE_ARCH = YES;
				SDKROOT = macosx;
				"USER_HEADER_SEARCH_PATHS[arch=*]" = /usr/include/;
			};
			name = Debug;
		};
		1FB9FA711BFEDCD800C7B11F /* Release */ = {
			isa = XCBuildConfiguration;
			buildSettings = {
				ALWAYS_SEARCH_USER_PATHS = YES;
				CLANG_CXX_LANGUAGE_STANDARD = "gnu++0x";
				CLANG_CXX_LIBRARY = "libc++";
				CLANG_ENABLE_MODULES = YES;
				CLANG_ENABLE_OBJC_ARC = YES;
				CLANG_WARN_BOOL_CONVERSION = YES;
				CLANG_WARN_CONSTANT_CONVERSION = YES;
				CLANG_WARN_DIRECT_OBJC_ISA_USAGE = YES_ERROR;
				CLANG_WARN_EMPTY_BODY = YES;
				CLANG_WARN_ENUM_CONVERSION = YES;
				CLANG_WARN_INT_CONVERSION = YES;
				CLANG_WARN_OBJC_ROOT_CLASS = YES_ERROR;
				CLANG_WARN_UNREACHABLE_CODE = YES;
				CLANG_WARN__DUPLICATE_METHOD_MATCH = YES;
				CODE_SIGN_IDENTITY = "-";
				COPY_PHASE_STRIP = NO;
				DEBUG_INFORMATION_FORMAT = "dwarf-with-dsym";
				ENABLE_NS_ASSERTIONS = NO;
				ENABLE_STRICT_OBJC_MSGSEND = YES;
				GCC_C_LANGUAGE_STANDARD = gnu99;
				GCC_NO_COMMON_BLOCKS = YES;
				GCC_WARN_64_TO_32_BIT_CONVERSION = YES;
				GCC_WARN_ABOUT_RETURN_TYPE = YES_ERROR;
				GCC_WARN_UNDECLARED_SELECTOR = YES;
				GCC_WARN_UNINITIALIZED_AUTOS = YES_AGGRESSIVE;
				GCC_WARN_UNUSED_FUNCTION = YES;
				GCC_WARN_UNUSED_VARIABLE = YES;
				"LIBRARY_SEARCH_PATHS[arch=*]" = /usr/lib/;
				MACOSX_DEPLOYMENT_TARGET = 10.10;
				MTL_ENABLE_DEBUG_INFO = NO;
				SDKROOT = macosx;
				"USER_HEADER_SEARCH_PATHS[arch=*]" = /usr/include/;
			};
			name = Release;
		};
		1FB9FA731BFEDCD800C7B11F /* Debug */ = {
			isa = XCBuildConfiguration;
			buildSettings = {
				"OTHER_LDFLAGS[arch=*]" = (
					"-lssl",
					"-lcrypto",
				);
				PRODUCT_NAME = "$(TARGET_NAME)";
			};
			name = Debug;
		};
		1FB9FA741BFEDCD800C7B11F /* Release */ = {
			isa = XCBuildConfiguration;
			buildSettings = {
				"OTHER_LDFLAGS[arch=*]" = (
					"-lssl",
					"-lcrypto",
				);
				PRODUCT_NAME = "$(TARGET_NAME)";
			};
			name = Release;
		};
/* End XCBuildConfiguration section */

/* Begin XCConfigurationList section */
		1FB9FA661BFEDCD700C7B11F /* Build configuration list for PBXProject "rdigester" */ = {
			isa = XCConfigurationList;
			buildConfigurations = (
				1FB9FA701BFEDCD800C7B11F /* Debug */,
				1FB9FA711BFEDCD800C7B11F /* Release */,
			);
			defaultConfigurationIsVisible = 0;
			defaultConfigurationName = Release;
		};
		1FB9FA721BFEDCD800C7B11F /* Build configuration list for PBXNativeTarget "rdigester" */ = {
			isa = XCConfigurationList;
			buildConfigurations = (
				1FB9FA731BFEDCD800C7B11F /* Debug */,
				1FB9FA741BFEDCD800C7B11F /* Release */,
			);
			defaultConfigurationIsVisible = 0;
		};
/* End XCConfigurationList section */
	};
	rootObject = 1FB9FA631BFEDCD700C7B11F /* Project object */;
}
